
Microsoft Visual Studio Solution File, Format Version 12.00
# Visual Studio Version 17
VisualStudioVersion = 17.5.002.0
MinimumVisualStudioVersion = 10.0.40219.1
Project("{9A19103F-16F7-4668-BE54-9A1E7A4F7556}") = "caditec-back-end", "caditec-back-end.csproj", "{EEB9088B-EC4D-4265-8528-DB6F6E565B85}"
EndProject
Global
	GlobalSection(SolutionConfigurationPlatforms) = preSolution
		Debug|Any CPU = Debug|Any CPU
		Release|Any CPU = Release|Any CPU
	EndGlobalSection
	GlobalSection(ProjectConfigurationPlatforms) = postSolution
		{EEB9088B-EC4D-4265-8528-DB6F6E565B85}.Debug|Any CPU.ActiveCfg = Debug|Any CPU
		{EEB9088B-EC4D-4265-8528-DB6F6E565B85}.Debug|Any CPU.Build.0 = Debug|Any CPU
		{EEB9088B-EC4D-4265-8528-DB6F6E565B85}.Release|Any CPU.ActiveCfg = Release|Any CPU
		{EEB9088B-EC4D-4265-8528-DB6F6E565B85}.Release|Any CPU.Build.0 = Release|Any CPU
	EndGlobalSection
	GlobalSection(SolutionProperties) = preSolution
		HideSolutionNode = FALSE
	EndGlobalSection
	GlobalSection(ExtensibilityGlobals) = postSolution
		SolutionGuid = {917EF5D4-B41A-4912-805C-CAD7B95565A9}
	EndGlobalSection
EndGlobal
